
Microsoft Visual Studio Solution File, Format Version 12.00
Project("{2150E333-8FDC-42A3-9474-1A3956D46DE8}") = "Folder", "Folder", "{A1A2E601-DD29-43D6-8658-E5E2F6D5D88D}"
ProjectSection(SolutionItems) = preProject
	Script.fsx = Script.fsx
EndProjectSection
EndProject
Global
	GlobalSection(SolutionConfigurationPlatforms) = preSolution
		Debug|Any CPU = Debug|Any CPU
		Release|Any CPU = Release|Any CPU
	EndGlobalSection
EndGlobal
