
Microsoft Visual Studio Solution File, Format Version 12.00
Project("{F2A71F9B-5D33-465A-A702-920D77279786}") = "FileInProject", "FileInProject\FileInProject.fsproj", "{0F68F852-381C-4B62-B95E-A6B9000BCC99}"
EndProject
Global
	GlobalSection(SolutionConfigurationPlatforms) = preSolution
		Debug|Any CPU = Debug|Any CPU
		Release|Any CPU = Release|Any CPU
	EndGlobalSection
	GlobalSection(ProjectConfigurationPlatforms) = postSolution
		{0F68F852-381C-4B62-B95E-A6B9000BCC99}.Debug|Any CPU.ActiveCfg = Debug|Any CPU
		{0F68F852-381C-4B62-B95E-A6B9000BCC99}.Debug|Any CPU.Build.0 = Debug|Any CPU
		{0F68F852-381C-4B62-B95E-A6B9000BCC99}.Release|Any CPU.ActiveCfg = Release|Any CPU
		{0F68F852-381C-4B62-B95E-A6B9000BCC99}.Release|Any CPU.Build.0 = Release|Any CPU
	EndGlobalSection
EndGlobal
