
Microsoft Visual Studio Solution File, Format Version 12.00
# Visual Studio 15
VisualStudioVersion = 15.0.26403.7
MinimumVisualStudioVersion = 10.0.40219.1
Project("{FAE04EC0-301F-11D3-BF4B-00C04F79EFBC}") = "Daemon.FSharp", "src\Daemon.FSharp\Daemon.FSharp.csproj", "{D24849E3-6E1E-4878-9FB7-00CEF5280CA4}"
EndProject
Project("{FAE04EC0-301F-11D3-BF4B-00C04F79EFBC}") = "FSharp.Psi", "src\FSharp.Psi\FSharp.Psi.csproj", "{4D2A870A-2D0D-4004-A795-596F0F9CE591}"
EndProject
Project("{FAE04EC0-301F-11D3-BF4B-00C04F79EFBC}") = "Services.FSharp", "src\Services.FSharp\Services.FSharp.csproj", "{E76D1B94-7AA1-4DA2-8978-AC2CBC912AA0}"
EndProject
Project("{F2A71F9B-5D33-465A-A702-920D77279786}") = "FSharp.Psi.Features", "src\FSharp.Psi.Features\FSharp.Psi.Features.fsproj", "{35B0D9D5-CAD5-4FC8-860B-41BF66D9A5D5}"
EndProject
Project("{F2A71F9B-5D33-465A-A702-920D77279786}") = "FSharp.Common", "src\FSharp.Common\FSharp.Common.fsproj", "{12F662DB-CFB9-436C-85A9-E0CA6DA9F0BB}"
EndProject
Project("{FAE04EC0-301F-11D3-BF4B-00C04F79EFBC}") = "FSharp.ProjectModelBase", "src\FSharp.ProjectModelBase\FSharp.ProjectModelBase.csproj", "{7339FF3B-9DD2-4E7C-A982-FEFC119540F9}"
EndProject
Project("{2150E333-8FDC-42A3-9474-1A3956D46DE8}") = "src", "src", "{2E19336B-3133-4C1A-8E65-E2F7C465663B}"
EndProject
Project("{2150E333-8FDC-42A3-9474-1A3956D46DE8}") = "test", "test", "{7B41BA27-ACA5-43D2-9EBA-2E604D63A4E2}"
EndProject
Project("{F2A71F9B-5D33-465A-A702-920D77279786}") = "FSharp.Tests", "test\src\FSharp.Tests\FSharp.Tests.fsproj", "{AF85AA16-C863-42F2-AE7E-44C3E36F8883}"
EndProject
Project("{F2A71F9B-5D33-465A-A702-920D77279786}") = "FSharp.Tests.Host", "test\src\FSharp.Tests.Host\FSharp.Tests.Host.fsproj", "{3FF7EEB4-24B5-4E52-8A11-EF731BF6A9BD}"
EndProject
Project("{F2A71F9B-5D33-465A-A702-920D77279786}") = "FSharp.Common.Tests", "test\src\FSharp.Common.Tests\FSharp.Common.Tests.fsproj", "{83C5104C-057E-4AF8-B3FE-3437968CA621}"
EndProject
Project("{F2A71F9B-5D33-465A-A702-920D77279786}") = "FSharp.Templates", "src\FSharp.Templates\FSharp.Templates.fsproj", "{3FE0A747-5D63-4AA6-AC54-F64DFC859FBD}"
EndProject
Global
	GlobalSection(SolutionConfigurationPlatforms) = preSolution
		Debug|Any CPU = Debug|Any CPU
		Release|Any CPU = Release|Any CPU
	EndGlobalSection
	GlobalSection(ProjectConfigurationPlatforms) = postSolution
		{D24849E3-6E1E-4878-9FB7-00CEF5280CA4}.Debug|Any CPU.ActiveCfg = Debug|Any CPU
		{D24849E3-6E1E-4878-9FB7-00CEF5280CA4}.Debug|Any CPU.Build.0 = Debug|Any CPU
		{D24849E3-6E1E-4878-9FB7-00CEF5280CA4}.Release|Any CPU.ActiveCfg = Release|Any CPU
		{D24849E3-6E1E-4878-9FB7-00CEF5280CA4}.Release|Any CPU.Build.0 = Release|Any CPU
		{4D2A870A-2D0D-4004-A795-596F0F9CE591}.Debug|Any CPU.ActiveCfg = Debug|Any CPU
		{4D2A870A-2D0D-4004-A795-596F0F9CE591}.Debug|Any CPU.Build.0 = Debug|Any CPU
		{4D2A870A-2D0D-4004-A795-596F0F9CE591}.Release|Any CPU.ActiveCfg = Release|Any CPU
		{4D2A870A-2D0D-4004-A795-596F0F9CE591}.Release|Any CPU.Build.0 = Release|Any CPU
		{E76D1B94-7AA1-4DA2-8978-AC2CBC912AA0}.Debug|Any CPU.ActiveCfg = Debug|Any CPU
		{E76D1B94-7AA1-4DA2-8978-AC2CBC912AA0}.Debug|Any CPU.Build.0 = Debug|Any CPU
		{E76D1B94-7AA1-4DA2-8978-AC2CBC912AA0}.Release|Any CPU.ActiveCfg = Release|Any CPU
		{E76D1B94-7AA1-4DA2-8978-AC2CBC912AA0}.Release|Any CPU.Build.0 = Release|Any CPU
		{35B0D9D5-CAD5-4FC8-860B-41BF66D9A5D5}.Debug|Any CPU.ActiveCfg = Debug|Any CPU
		{35B0D9D5-CAD5-4FC8-860B-41BF66D9A5D5}.Debug|Any CPU.Build.0 = Debug|Any CPU
		{35B0D9D5-CAD5-4FC8-860B-41BF66D9A5D5}.Release|Any CPU.ActiveCfg = Release|Any CPU
		{35B0D9D5-CAD5-4FC8-860B-41BF66D9A5D5}.Release|Any CPU.Build.0 = Release|Any CPU
		{12F662DB-CFB9-436C-85A9-E0CA6DA9F0BB}.Debug|Any CPU.ActiveCfg = Debug|Any CPU
		{12F662DB-CFB9-436C-85A9-E0CA6DA9F0BB}.Debug|Any CPU.Build.0 = Debug|Any CPU
		{12F662DB-CFB9-436C-85A9-E0CA6DA9F0BB}.Release|Any CPU.ActiveCfg = Release|Any CPU
		{12F662DB-CFB9-436C-85A9-E0CA6DA9F0BB}.Release|Any CPU.Build.0 = Release|Any CPU
		{7339FF3B-9DD2-4E7C-A982-FEFC119540F9}.Debug|Any CPU.ActiveCfg = Debug|Any CPU
		{7339FF3B-9DD2-4E7C-A982-FEFC119540F9}.Debug|Any CPU.Build.0 = Debug|Any CPU
		{7339FF3B-9DD2-4E7C-A982-FEFC119540F9}.Release|Any CPU.ActiveCfg = Release|Any CPU
		{7339FF3B-9DD2-4E7C-A982-FEFC119540F9}.Release|Any CPU.Build.0 = Release|Any CPU
		{AF85AA16-C863-42F2-AE7E-44C3E36F8883}.Debug|Any CPU.ActiveCfg = Debug|Any CPU
		{AF85AA16-C863-42F2-AE7E-44C3E36F8883}.Debug|Any CPU.Build.0 = Debug|Any CPU
		{AF85AA16-C863-42F2-AE7E-44C3E36F8883}.Release|Any CPU.ActiveCfg = Release|Any CPU
		{AF85AA16-C863-42F2-AE7E-44C3E36F8883}.Release|Any CPU.Build.0 = Release|Any CPU
		{3FF7EEB4-24B5-4E52-8A11-EF731BF6A9BD}.Debug|Any CPU.ActiveCfg = Debug|Any CPU
		{3FF7EEB4-24B5-4E52-8A11-EF731BF6A9BD}.Debug|Any CPU.Build.0 = Debug|Any CPU
		{3FF7EEB4-24B5-4E52-8A11-EF731BF6A9BD}.Release|Any CPU.ActiveCfg = Release|Any CPU
		{3FF7EEB4-24B5-4E52-8A11-EF731BF6A9BD}.Release|Any CPU.Build.0 = Release|Any CPU
		{83C5104C-057E-4AF8-B3FE-3437968CA621}.Debug|Any CPU.ActiveCfg = Debug|Any CPU
		{83C5104C-057E-4AF8-B3FE-3437968CA621}.Debug|Any CPU.Build.0 = Debug|Any CPU
		{83C5104C-057E-4AF8-B3FE-3437968CA621}.Release|Any CPU.ActiveCfg = Release|Any CPU
		{83C5104C-057E-4AF8-B3FE-3437968CA621}.Release|Any CPU.Build.0 = Release|Any CPU
		{3FE0A747-5D63-4AA6-AC54-F64DFC859FBD}.Debug|Any CPU.ActiveCfg = Debug|Any CPU
		{3FE0A747-5D63-4AA6-AC54-F64DFC859FBD}.Debug|Any CPU.Build.0 = Debug|Any CPU
		{3FE0A747-5D63-4AA6-AC54-F64DFC859FBD}.Release|Any CPU.ActiveCfg = Release|Any CPU
		{3FE0A747-5D63-4AA6-AC54-F64DFC859FBD}.Release|Any CPU.Build.0 = Release|Any CPU
	EndGlobalSection
	GlobalSection(SolutionProperties) = preSolution
		HideSolutionNode = FALSE
	EndGlobalSection
	GlobalSection(NestedProjects) = preSolution
		{D24849E3-6E1E-4878-9FB7-00CEF5280CA4} = {2E19336B-3133-4C1A-8E65-E2F7C465663B}
		{12F662DB-CFB9-436C-85A9-E0CA6DA9F0BB} = {2E19336B-3133-4C1A-8E65-E2F7C465663B}
		{7339FF3B-9DD2-4E7C-A982-FEFC119540F9} = {2E19336B-3133-4C1A-8E65-E2F7C465663B}
		{4D2A870A-2D0D-4004-A795-596F0F9CE591} = {2E19336B-3133-4C1A-8E65-E2F7C465663B}
		{35B0D9D5-CAD5-4FC8-860B-41BF66D9A5D5} = {2E19336B-3133-4C1A-8E65-E2F7C465663B}
		{E76D1B94-7AA1-4DA2-8978-AC2CBC912AA0} = {2E19336B-3133-4C1A-8E65-E2F7C465663B}
		{AF85AA16-C863-42F2-AE7E-44C3E36F8883} = {7B41BA27-ACA5-43D2-9EBA-2E604D63A4E2}
		{3FF7EEB4-24B5-4E52-8A11-EF731BF6A9BD} = {7B41BA27-ACA5-43D2-9EBA-2E604D63A4E2}
		{83C5104C-057E-4AF8-B3FE-3437968CA621} = {7B41BA27-ACA5-43D2-9EBA-2E604D63A4E2}
		{3FE0A747-5D63-4AA6-AC54-F64DFC859FBD} = {2E19336B-3133-4C1A-8E65-E2F7C465663B}
	EndGlobalSection
EndGlobal
